
Microsoft Visual Studio Solution File, Format Version 12.00
# Visual Studio 15
VisualStudioVersion = 15.0.28307.136
MinimumVisualStudioVersion = 10.0.40219.1
Project("{FAE04EC0-301F-11D3-BF4B-00C04F79EFBC}") = "MMSLHMS", "MMSLHMS\MMSLHMS.csproj", "{D982A973-F70D-471F-A6E5-CD417357DE9A}"
EndProject
Project("{9A19103F-16F7-4668-BE54-9A1E7A4F7556}") = "HMSBLL", "HMSBLL\HMSBLL.csproj", "{831334E9-F641-4F84-8823-AF0C8735641F}"
EndProject
Project("{FAE04EC0-301F-11D3-BF4B-00C04F79EFBC}") = "HMSBO", "HMSBO\HMSBO.csproj", "{A11D682D-DA24-46B3-BCC3-C6480A7CB091}"
EndProject
Global
	GlobalSection(SolutionConfigurationPlatforms) = preSolution
		Debug|Any CPU = Debug|Any CPU
		Release|Any CPU = Release|Any CPU
	EndGlobalSection
	GlobalSection(ProjectConfigurationPlatforms) = postSolution
		{D982A973-F70D-471F-A6E5-CD417357DE9A}.Debug|Any CPU.ActiveCfg = Debug|Any CPU
		{D982A973-F70D-471F-A6E5-CD417357DE9A}.Debug|Any CPU.Build.0 = Debug|Any CPU
		{D982A973-F70D-471F-A6E5-CD417357DE9A}.Release|Any CPU.ActiveCfg = Release|Any CPU
		{D982A973-F70D-471F-A6E5-CD417357DE9A}.Release|Any CPU.Build.0 = Release|Any CPU
		{831334E9-F641-4F84-8823-AF0C8735641F}.Debug|Any CPU.ActiveCfg = Debug|Any CPU
		{831334E9-F641-4F84-8823-AF0C8735641F}.Debug|Any CPU.Build.0 = Debug|Any CPU
		{831334E9-F641-4F84-8823-AF0C8735641F}.Release|Any CPU.ActiveCfg = Release|Any CPU
		{831334E9-F641-4F84-8823-AF0C8735641F}.Release|Any CPU.Build.0 = Release|Any CPU
		{A11D682D-DA24-46B3-BCC3-C6480A7CB091}.Debug|Any CPU.ActiveCfg = Debug|Any CPU
		{A11D682D-DA24-46B3-BCC3-C6480A7CB091}.Debug|Any CPU.Build.0 = Debug|Any CPU
		{A11D682D-DA24-46B3-BCC3-C6480A7CB091}.Release|Any CPU.ActiveCfg = Release|Any CPU
		{A11D682D-DA24-46B3-BCC3-C6480A7CB091}.Release|Any CPU.Build.0 = Release|Any CPU
	EndGlobalSection
	GlobalSection(SolutionProperties) = preSolution
		HideSolutionNode = FALSE
	EndGlobalSection
	GlobalSection(ExtensibilityGlobals) = postSolution
		SolutionGuid = {A49175B6-B0F0-4A8F-9DAA-E38C4189F628}
	EndGlobalSection
EndGlobal
